
Microsoft Visual Studio Solution File, Format Version 12.00
# Visual Studio Version 17
VisualStudioVersion = 17.4.33213.308
MinimumVisualStudioVersion = 10.0.40219.1
Project("{FAE04EC0-301F-11D3-BF4B-00C04F79EFBC}") = "Project", "Project\Project.csproj", "{B56628FB-D3C0-453C-9876-5C721B771C63}"
EndProject
Global
	GlobalSection(SolutionConfigurationPlatforms) = preSolution
		Debug|Any CPU = Debug|Any CPU
		Release|Any CPU = Release|Any CPU
	EndGlobalSection
	GlobalSection(ProjectConfigurationPlatforms) = postSolution
		{B56628FB-D3C0-453C-9876-5C721B771C63}.Debug|Any CPU.ActiveCfg = Debug|Any CPU
		{B56628FB-D3C0-453C-9876-5C721B771C63}.Debug|Any CPU.Build.0 = Debug|Any CPU
		{B56628FB-D3C0-453C-9876-5C721B771C63}.Release|Any CPU.ActiveCfg = Release|Any CPU
		{B56628FB-D3C0-453C-9876-5C721B771C63}.Release|Any CPU.Build.0 = Release|Any CPU
	EndGlobalSection
	GlobalSection(SolutionProperties) = preSolution
		HideSolutionNode = FALSE
	EndGlobalSection
	GlobalSection(ExtensibilityGlobals) = postSolution
		SolutionGuid = {1915C858-004A-43F2-A563-E7E82A09DB4B}
	EndGlobalSection
EndGlobal
